PODS:
  - facebook_app_events_lite (0.0.2):
    - FBAudienceNetwork (= 6.16)
    - FBSDKCoreKit (~> 17.0)
    - Flutter
  - FBAEMKit (17.0.0):
    - FBSDKCoreKit_Basics (= 17.0.0)
  - FBAudienceNetwork (6.16.0)
  - FBSDKCoreKit (17.0.0):
    - FBAEMKit (= 17.0.0)
    - FBSDKCoreKit_Basics (= 17.0.0)
  - FBSDKCoreKit_Basics (17.0.0)
  - Flutter (1.0.0)

DEPENDENCIES:
  - facebook_app_events_lite (from `.symlinks/plugins/facebook_app_events_lite/ios`)
  - Flutter (from `Flutter`)

SPEC REPOS:
  trunk:
    - FBAEMKit
    - FBAudienceNetwork
    - FBSDKCoreKit
    - FBSDKCoreKit_Basics

EXTERNAL SOURCES:
  facebook_app_events_lite:
    :path: ".symlinks/plugins/facebook_app_events_lite/ios"
  Flutter:
    :path: Flutter

SPEC CHECKSUMS:
  facebook_app_events_lite: c8694fedaf5a82b3e44259d6756db13052b19cb9
  FBAEMKit: 31a20c2d8744d8c57d3a5b7ae4e27b4fdd819193
  FBAudienceNetwork: d1670939884e3a2e0ad98dca98d7e0c841417228
  FBSDKCoreKit: dac911b656816f8d0b06e5fa4bac60e89505bb3b
  FBSDKCoreKit_Basics: 92b7b7458d57091370b0b6cc197578874c3b4b16
  Flutter: e0871f40cf51350855a761d2e70bf5af5b9b5de7

PODFILE CHECKSUM: c4c93c5f6502fe2754f48404d3594bf779584011

COCOAPODS: 1.16.2
